
Microsoft Visual Studio Solution File, Format Version 11.00
# Visual Studio 2010
Project("{FAE04EC0-301F-11D3-BF4B-00C04F79EFBC}") = "Unity.2D.PixelPerfect.Tests", "Unity.2D.PixelPerfect.Tests.csproj", "{BEFC161E-38D6-38F6-5C0C-F55FD5BCA1FD}"
EndProject
Project("{FAE04EC0-301F-11D3-BF4B-00C04F79EFBC}") = "UnityEngine.TestRunner", "UnityEngine.TestRunner.csproj", "{5E105CDD-9315-F99A-5543-2BA163805964}"
EndProject
Project("{FAE04EC0-301F-11D3-BF4B-00C04F79EFBC}") = "Unity.Mathematics", "Unity.Mathematics.csproj", "{CB3FA3A5-57A9-0034-1B6B-BE6B79C96E61}"
EndProject
Project("{FAE04EC0-301F-11D3-BF4B-00C04F79EFBC}") = "Unity.2D.Animation.Triangle.Runtime", "Unity.2D.Animation.Triangle.Runtime.csproj", "{B2738826-D0B4-E72B-AB54-6B7568C4E974}"
EndProject
Project("{FAE04EC0-301F-11D3-BF4B-00C04F79EFBC}") = "UnityEngine.UI.Tests", "UnityEngine.UI.Tests.csproj", "{F89EF867-31FA-3264-5327-FBED7EF8940D}"
EndProject
Project("{FAE04EC0-301F-11D3-BF4B-00C04F79EFBC}") = "Unity.Timeline", "Unity.Timeline.csproj", "{4F35BEF8-54AF-C32E-4E75-CB661BD659EB}"
EndProject
Project("{FAE04EC0-301F-11D3-BF4B-00C04F79EFBC}") = "UnityEngine.UI", "UnityEngine.UI.csproj", "{3075DC57-797A-3645-E711-A4F935FBFE5A}"
EndProject
Project("{FAE04EC0-301F-11D3-BF4B-00C04F79EFBC}") = "Unity.TextMeshPro", "Unity.TextMeshPro.csproj", "{406E14A0-4DCB-FCC6-4DEE-5B29C60A7823}"
EndProject
Project("{FAE04EC0-301F-11D3-BF4B-00C04F79EFBC}") = "Unity.2D.Animation.Runtime", "Unity.2D.Animation.Runtime.csproj", "{F9432DEC-B1C9-4220-A70E-85799C0FD84F}"
EndProject
Project("{FAE04EC0-301F-11D3-BF4B-00C04F79EFBC}") = "Unity.2D.IK.Runtime", "Unity.2D.IK.Runtime.csproj", "{DBCB4C61-EBCB-BA63-B985-37841CD5C473}"
EndProject
Project("{FAE04EC0-301F-11D3-BF4B-00C04F79EFBC}") = "Unity.2D.SpriteShape.Runtime", "Unity.2D.SpriteShape.Runtime.csproj", "{260438FC-561D-D1C9-4EF1-DE5E0330D73E}"
EndProject
Project("{FAE04EC0-301F-11D3-BF4B-00C04F79EFBC}") = "Assembly-CSharp", "Assembly-CSharp.csproj", "{6315E9F2-EA31-3629-98D6-4893424FBD9E}"
EndProject
Project("{FAE04EC0-301F-11D3-BF4B-00C04F79EFBC}") = "Unity.2D.PixelPerfect", "Unity.2D.PixelPerfect.csproj", "{E78CCF95-9ED2-813D-664D-DD6165F372D7}"
EndProject
Project("{FAE04EC0-301F-11D3-BF4B-00C04F79EFBC}") = "Unity.2D.Common.Runtime", "Unity.2D.Common.Runtime.csproj", "{0349F1D5-8E51-38BD-BE7A-F0F5D246F074}"
EndProject
Project("{FAE04EC0-301F-11D3-BF4B-00C04F79EFBC}") = "Unity.TextMeshPro.Tests", "Unity.TextMeshPro.Tests.csproj", "{E85AA80A-64B3-DE7F-48FD-F61C43D6A94E}"
EndProject
Project("{FAE04EC0-301F-11D3-BF4B-00C04F79EFBC}") = "Unity.InternalAPIEngineBridge.001", "Unity.InternalAPIEngineBridge.001.csproj", "{9591E6A6-87CE-3438-3FD8-A21A74F1B643}"
EndProject
Project("{FAE04EC0-301F-11D3-BF4B-00C04F79EFBC}") = "UnityEditor.TestRunner", "UnityEditor.TestRunner.csproj", "{AA3DA3B9-EFE8-87C1-44F2-4AE39662E421}"
EndProject
Project("{FAE04EC0-301F-11D3-BF4B-00C04F79EFBC}") = "Unity.PlasticSCM.Editor", "Unity.PlasticSCM.Editor.csproj", "{E291D1D9-C267-3C4C-C2F9-EC1D698E676A}"
EndProject
Project("{FAE04EC0-301F-11D3-BF4B-00C04F79EFBC}") = "UnityEditor.UI", "UnityEditor.UI.csproj", "{1DFC61D8-5745-CA2A-CA45-80A200B7B68C}"
EndProject
Project("{FAE04EC0-301F-11D3-BF4B-00C04F79EFBC}") = "Unity.Services.Core.Editor", "Unity.Services.Core.Editor.csproj", "{7E6AAC80-CE8D-B5A6-D69F-15EA2F12292C}"
EndProject
Project("{FAE04EC0-301F-11D3-BF4B-00C04F79EFBC}") = "Unity.Timeline.Editor", "Unity.Timeline.Editor.csproj", "{E1085A3B-653C-1BCC-C666-DEA4FDA7C3B7}"
EndProject
Project("{FAE04EC0-301F-11D3-BF4B-00C04F79EFBC}") = "Unity.VisualStudio.Editor", "Unity.VisualStudio.Editor.csproj", "{34960250-BD91-FB06-6680-3DF38BBA1B65}"
EndProject
Project("{FAE04EC0-301F-11D3-BF4B-00C04F79EFBC}") = "Unity.2D.Psdimporter.Editor", "Unity.2D.Psdimporter.Editor.csproj", "{E2601695-1C67-0317-7BA0-B15CE61549E0}"
EndProject
Project("{FAE04EC0-301F-11D3-BF4B-00C04F79EFBC}") = "Unity.2D.Animation.Editor", "Unity.2D.Animation.Editor.csproj", "{902A420D-D7F0-9254-B282-68787D507B96}"
EndProject
Project("{FAE04EC0-301F-11D3-BF4B-00C04F79EFBC}") = "Unity.TextMeshPro.Editor", "Unity.TextMeshPro.Editor.csproj", "{981CBD8E-76D0-3A6C-B3E3-2AFE99E7F2B3}"
EndProject
Project("{FAE04EC0-301F-11D3-BF4B-00C04F79EFBC}") = "Unity.2D.SpriteShape.Editor", "Unity.2D.SpriteShape.Editor.csproj", "{8D6810D3-AD07-D470-BB68-DB6EAD04525D}"
EndProject
Project("{FAE04EC0-301F-11D3-BF4B-00C04F79EFBC}") = "Unity.CollabProxy.Editor", "Unity.CollabProxy.Editor.csproj", "{C1C3E5F0-CE9A-470B-4831-CFA6EEB6C762}"
EndProject
Project("{FAE04EC0-301F-11D3-BF4B-00C04F79EFBC}") = "PsdPlugin", "PsdPlugin.csproj", "{474827C9-0219-D261-AEE4-0860E3814D71}"
EndProject
Project("{FAE04EC0-301F-11D3-BF4B-00C04F79EFBC}") = "DocCodeExamples", "DocCodeExamples.csproj", "{7A1128F1-1CFA-A23B-AFCC-5945BDD6771B}"
EndProject
Project("{FAE04EC0-301F-11D3-BF4B-00C04F79EFBC}") = "Unity.2D.Path.Editor", "Unity.2D.Path.Editor.csproj", "{83037057-F63B-A872-C0E0-654ED5B838F6}"
EndProject
Project("{FAE04EC0-301F-11D3-BF4B-00C04F79EFBC}") = "Unity.Mathematics.Tests", "Unity.Mathematics.Tests.csproj", "{719A95A4-FA62-101A-06C3-DE20E78C49EE}"
EndProject
Project("{FAE04EC0-301F-11D3-BF4B-00C04F79EFBC}") = "Unity.PlasticSCM.EditorTests", "Unity.PlasticSCM.EditorTests.csproj", "{96ACD80A-409E-22F8-DECA-A33553A1DD34}"
EndProject
Project("{FAE04EC0-301F-11D3-BF4B-00C04F79EFBC}") = "Unity.Rider.Editor", "Unity.Rider.Editor.csproj", "{4FB91BA8-75BA-F73C-6B41-D0BCED3B6C0E}"
EndProject
Project("{FAE04EC0-301F-11D3-BF4B-00C04F79EFBC}") = "UnityEditor.UI.EditorTests", "UnityEditor.UI.EditorTests.csproj", "{6691E9FD-1BD3-1B2D-AAA3-B0C1814754B1}"
EndProject
Project("{FAE04EC0-301F-11D3-BF4B-00C04F79EFBC}") = "Unity.CollabProxy.EditorTests", "Unity.CollabProxy.EditorTests.csproj", "{9EFA0844-21BF-F667-5EC0-04C45CCBC0AB}"
EndProject
Project("{FAE04EC0-301F-11D3-BF4B-00C04F79EFBC}") = "Unity.2D.IK.Editor", "Unity.2D.IK.Editor.csproj", "{9B4815EC-3F94-31FE-478E-6D05B5FC3AC3}"
EndProject
Project("{FAE04EC0-301F-11D3-BF4B-00C04F79EFBC}") = "Unity.2D.SpriteShape.EditorTests", "Unity.2D.SpriteShape.EditorTests.csproj", "{E00D2023-74E1-3635-CBEB-4519209BA31E}"
EndProject
Project("{FAE04EC0-301F-11D3-BF4B-00C04F79EFBC}") = "Unity.2D.Sprite.Editor", "Unity.2D.Sprite.Editor.csproj", "{618E6363-F619-BC5D-5D68-457A44148F9F}"
EndProject
Project("{FAE04EC0-301F-11D3-BF4B-00C04F79EFBC}") = "Unity.2D.Tilemap.Editor", "Unity.2D.Tilemap.Editor.csproj", "{E5A3936B-E516-0D24-8856-F358B90962BF}"
EndProject
Project("{FAE04EC0-301F-11D3-BF4B-00C04F79EFBC}") = "Unity.2D.PixelPerfect.Editor", "Unity.2D.PixelPerfect.Editor.csproj", "{C6BA08D3-44ED-D196-B266-CD4C3B652862}"
EndProject
Project("{FAE04EC0-301F-11D3-BF4B-00C04F79EFBC}") = "Unity.VSCode.Editor", "Unity.VSCode.Editor.csproj", "{CE3DF682-D807-D656-B08E-988474C4BA55}"
EndProject
Project("{FAE04EC0-301F-11D3-BF4B-00C04F79EFBC}") = "Unity.2D.Common.Editor", "Unity.2D.Common.Editor.csproj", "{1E8D13C4-274A-4B7B-881C-54B05FCF9E3A}"
EndProject
Project("{FAE04EC0-301F-11D3-BF4B-00C04F79EFBC}") = "Unity.Mathematics.Editor", "Unity.Mathematics.Editor.csproj", "{0044612B-E891-33F3-0EA1-B6D4E851358C}"
EndProject
Project("{FAE04EC0-301F-11D3-BF4B-00C04F79EFBC}") = "Unity.2D.PixelPerfect.Editor.Tests", "Unity.2D.PixelPerfect.Editor.Tests.csproj", "{B9DB1212-A21F-DBD9-D2B5-C0E83D56C446}"
EndProject
Project("{FAE04EC0-301F-11D3-BF4B-00C04F79EFBC}") = "Unity.2D.Common.EditorTests", "Unity.2D.Common.EditorTests.csproj", "{D368351D-99E2-224B-5ABA-5D644CAC8F32}"
EndProject
Project("{FAE04EC0-301F-11D3-BF4B-00C04F79EFBC}") = "Unity.2D.Path.Tests", "Unity.2D.Path.Tests.csproj", "{47882898-321A-814B-BE48-962CFB1FE0B6}"
EndProject
Project("{FAE04EC0-301F-11D3-BF4B-00C04F79EFBC}") = "Unity.InternalAPIEditorBridge.001", "Unity.InternalAPIEditorBridge.001.csproj", "{1C8013AA-4329-DDE4-EF58-AB425F3FB041}"
EndProject
Project("{FAE04EC0-301F-11D3-BF4B-00C04F79EFBC}") = "Unity.2D.Tilemap.Package.EditorTests", "Unity.2D.Tilemap.Package.EditorTests.csproj", "{6834D5B9-D0FA-E4E7-E20D-FCA662CB1B58}"
EndProject
Project("{FAE04EC0-301F-11D3-BF4B-00C04F79EFBC}") = "Unity.2D.Psdimporter.EditorTests", "Unity.2D.Psdimporter.EditorTests.csproj", "{06A32E38-5A90-6CFD-6BC0-8D0EF1B2F1C1}"
EndProject
Project("{FAE04EC0-301F-11D3-BF4B-00C04F79EFBC}") = "Unity.2D.Sprite.Package.EditorTests", "Unity.2D.Sprite.Package.EditorTests.csproj", "{D28B1453-7DEE-B03F-9B2F-7EAD5656A349}"
EndProject
Project("{FAE04EC0-301F-11D3-BF4B-00C04F79EFBC}") = "Unity.Nuget.NewtonsoftJson.EditorTests", "Unity.Nuget.NewtonsoftJson.EditorTests.csproj", "{F985C808-EDC0-FEE8-BB53-ADC556F281D3}"
EndProject
Project("{FAE04EC0-301F-11D3-BF4B-00C04F79EFBC}") = "Unity.TextMeshPro.Editor.Tests", "Unity.TextMeshPro.Editor.Tests.csproj", "{0478AA62-85C7-AFAD-892E-4F6F7B235AA9}"
EndProject
Project("{FAE04EC0-301F-11D3-BF4B-00C04F79EFBC}") = "Unity.2D.Animation.EditorTests", "Unity.2D.Animation.EditorTests.csproj", "{55985199-C441-C656-50C4-0E05255FA9E9}"
EndProject
Global
	GlobalSection(SolutionConfigurationPlatforms) = preSolution
		Debug|Any CPU = Debug|Any CPU
		Release|Any CPU = Release|Any CPU
	EndGlobalSection
	GlobalSection(ProjectConfigurationPlatforms) = postSolution
		{BEFC161E-38D6-38F6-5C0C-F55FD5BCA1FD}.Debug|Any CPU.ActiveCfg = Debug|Any CPU
		{BEFC161E-38D6-38F6-5C0C-F55FD5BCA1FD}.Debug|Any CPU.Build.0 = Debug|Any CPU
		{BEFC161E-38D6-38F6-5C0C-F55FD5BCA1FD}.Release|Any CPU.ActiveCfg = Release|Any CPU
		{BEFC161E-38D6-38F6-5C0C-F55FD5BCA1FD}.Release|Any CPU.Build.0 = Release|Any CPU
		{5E105CDD-9315-F99A-5543-2BA163805964}.Debug|Any CPU.ActiveCfg = Debug|Any CPU
		{5E105CDD-9315-F99A-5543-2BA163805964}.Debug|Any CPU.Build.0 = Debug|Any CPU
		{5E105CDD-9315-F99A-5543-2BA163805964}.Release|Any CPU.ActiveCfg = Release|Any CPU
		{5E105CDD-9315-F99A-5543-2BA163805964}.Release|Any CPU.Build.0 = Release|Any CPU
		{CB3FA3A5-57A9-0034-1B6B-BE6B79C96E61}.Debug|Any CPU.ActiveCfg = Debug|Any CPU
		{CB3FA3A5-57A9-0034-1B6B-BE6B79C96E61}.Debug|Any CPU.Build.0 = Debug|Any CPU
		{CB3FA3A5-57A9-0034-1B6B-BE6B79C96E61}.Release|Any CPU.ActiveCfg = Release|Any CPU
		{CB3FA3A5-57A9-0034-1B6B-BE6B79C96E61}.Release|Any CPU.Build.0 = Release|Any CPU
		{B2738826-D0B4-E72B-AB54-6B7568C4E974}.Debug|Any CPU.ActiveCfg = Debug|Any CPU
		{B2738826-D0B4-E72B-AB54-6B7568C4E974}.Debug|Any CPU.Build.0 = Debug|Any CPU
		{B2738826-D0B4-E72B-AB54-6B7568C4E974}.Release|Any CPU.ActiveCfg = Release|Any CPU
		{B2738826-D0B4-E72B-AB54-6B7568C4E974}.Release|Any CPU.Build.0 = Release|Any CPU
		{F89EF867-31FA-3264-5327-FBED7EF8940D}.Debug|Any CPU.ActiveCfg = Debug|Any CPU
		{F89EF867-31FA-3264-5327-FBED7EF8940D}.Debug|Any CPU.Build.0 = Debug|Any CPU
		{F89EF867-31FA-3264-5327-FBED7EF8940D}.Release|Any CPU.ActiveCfg = Release|Any CPU
		{F89EF867-31FA-3264-5327-FBED7EF8940D}.Release|Any CPU.Build.0 = Release|Any CPU
		{4F35BEF8-54AF-C32E-4E75-CB661BD659EB}.Debug|Any CPU.ActiveCfg = Debug|Any CPU
		{4F35BEF8-54AF-C32E-4E75-CB661BD659EB}.Debug|Any CPU.Build.0 = Debug|Any CPU
		{4F35BEF8-54AF-C32E-4E75-CB661BD659EB}.Release|Any CPU.ActiveCfg = Release|Any CPU
		{4F35BEF8-54AF-C32E-4E75-CB661BD659EB}.Release|Any CPU.Build.0 = Release|Any CPU
		{3075DC57-797A-3645-E711-A4F935FBFE5A}.Debug|Any CPU.ActiveCfg = Debug|Any CPU
		{3075DC57-797A-3645-E711-A4F935FBFE5A}.Debug|Any CPU.Build.0 = Debug|Any CPU
		{3075DC57-797A-3645-E711-A4F935FBFE5A}.Release|Any CPU.ActiveCfg = Release|Any CPU
		{3075DC57-797A-3645-E711-A4F935FBFE5A}.Release|Any CPU.Build.0 = Release|Any CPU
		{406E14A0-4DCB-FCC6-4DEE-5B29C60A7823}.Debug|Any CPU.ActiveCfg = Debug|Any CPU
		{406E14A0-4DCB-FCC6-4DEE-5B29C60A7823}.Debug|Any CPU.Build.0 = Debug|Any CPU
		{406E14A0-4DCB-FCC6-4DEE-5B29C60A7823}.Release|Any CPU.ActiveCfg = Release|Any CPU
		{406E14A0-4DCB-FCC6-4DEE-5B29C60A7823}.Release|Any CPU.Build.0 = Release|Any CPU
		{F9432DEC-B1C9-4220-A70E-85799C0FD84F}.Debug|Any CPU.ActiveCfg = Debug|Any CPU
		{F9432DEC-B1C9-4220-A70E-85799C0FD84F}.Debug|Any CPU.Build.0 = Debug|Any CPU
		{F9432DEC-B1C9-4220-A70E-85799C0FD84F}.Release|Any CPU.ActiveCfg = Release|Any CPU
		{F9432DEC-B1C9-4220-A70E-85799C0FD84F}.Release|Any CPU.Build.0 = Release|Any CPU
		{DBCB4C61-EBCB-BA63-B985-37841CD5C473}.Debug|Any CPU.ActiveCfg = Debug|Any CPU
		{DBCB4C61-EBCB-BA63-B985-37841CD5C473}.Debug|Any CPU.Build.0 = Debug|Any CPU
		{DBCB4C61-EBCB-BA63-B985-37841CD5C473}.Release|Any CPU.ActiveCfg = Release|Any CPU
		{DBCB4C61-EBCB-BA63-B985-37841CD5C473}.Release|Any CPU.Build.0 = Release|Any CPU
		{260438FC-561D-D1C9-4EF1-DE5E0330D73E}.Debug|Any CPU.ActiveCfg = Debug|Any CPU
		{260438FC-561D-D1C9-4EF1-DE5E0330D73E}.Debug|Any CPU.Build.0 = Debug|Any CPU
		{260438FC-561D-D1C9-4EF1-DE5E0330D73E}.Release|Any CPU.ActiveCfg = Release|Any CPU
		{260438FC-561D-D1C9-4EF1-DE5E0330D73E}.Release|Any CPU.Build.0 = Release|Any CPU
		{6315E9F2-EA31-3629-98D6-4893424FBD9E}.Debug|Any CPU.ActiveCfg = Debug|Any CPU
		{6315E9F2-EA31-3629-98D6-4893424FBD9E}.Debug|Any CPU.Build.0 = Debug|Any CPU
		{6315E9F2-EA31-3629-98D6-4893424FBD9E}.Release|Any CPU.ActiveCfg = Release|Any CPU
		{6315E9F2-EA31-3629-98D6-4893424FBD9E}.Release|Any CPU.Build.0 = Release|Any CPU
		{E78CCF95-9ED2-813D-664D-DD6165F372D7}.Debug|Any CPU.ActiveCfg = Debug|Any CPU
		{E78CCF95-9ED2-813D-664D-DD6165F372D7}.Debug|Any CPU.Build.0 = Debug|Any CPU
		{E78CCF95-9ED2-813D-664D-DD6165F372D7}.Release|Any CPU.ActiveCfg = Release|Any CPU
		{E78CCF95-9ED2-813D-664D-DD6165F372D7}.Release|Any CPU.Build.0 = Release|Any CPU
		{0349F1D5-8E51-38BD-BE7A-F0F5D246F074}.Debug|Any CPU.ActiveCfg = Debug|Any CPU
		{0349F1D5-8E51-38BD-BE7A-F0F5D246F074}.Debug|Any CPU.Build.0 = Debug|Any CPU
		{0349F1D5-8E51-38BD-BE7A-F0F5D246F074}.Release|Any CPU.ActiveCfg = Release|Any CPU
		{0349F1D5-8E51-38BD-BE7A-F0F5D246F074}.Release|Any CPU.Build.0 = Release|Any CPU
		{E85AA80A-64B3-DE7F-48FD-F61C43D6A94E}.Debug|Any CPU.ActiveCfg = Debug|Any CPU
		{E85AA80A-64B3-DE7F-48FD-F61C43D6A94E}.Debug|Any CPU.Build.0 = Debug|Any CPU
		{E85AA80A-64B3-DE7F-48FD-F61C43D6A94E}.Release|Any CPU.ActiveCfg = Release|Any CPU
		{E85AA80A-64B3-DE7F-48FD-F61C43D6A94E}.Release|Any CPU.Build.0 = Release|Any CPU
		{9591E6A6-87CE-3438-3FD8-A21A74F1B643}.Debug|Any CPU.ActiveCfg = Debug|Any CPU
		{9591E6A6-87CE-3438-3FD8-A21A74F1B643}.Debug|Any CPU.Build.0 = Debug|Any CPU
		{9591E6A6-87CE-3438-3FD8-A21A74F1B643}.Release|Any CPU.ActiveCfg = Release|Any CPU
		{9591E6A6-87CE-3438-3FD8-A21A74F1B643}.Release|Any CPU.Build.0 = Release|Any CPU
		{AA3DA3B9-EFE8-87C1-44F2-4AE39662E421}.Debug|Any CPU.ActiveCfg = Debug|Any CPU
		{AA3DA3B9-EFE8-87C1-44F2-4AE39662E421}.Debug|Any CPU.Build.0 = Debug|Any CPU
		{AA3DA3B9-EFE8-87C1-44F2-4AE39662E421}.Release|Any CPU.ActiveCfg = Release|Any CPU
		{AA3DA3B9-EFE8-87C1-44F2-4AE39662E421}.Release|Any CPU.Build.0 = Release|Any CPU
		{E291D1D9-C267-3C4C-C2F9-EC1D698E676A}.Debug|Any CPU.ActiveCfg = Debug|Any CPU
		{E291D1D9-C267-3C4C-C2F9-EC1D698E676A}.Debug|Any CPU.Build.0 = Debug|Any CPU
		{E291D1D9-C267-3C4C-C2F9-EC1D698E676A}.Release|Any CPU.ActiveCfg = Release|Any CPU
		{E291D1D9-C267-3C4C-C2F9-EC1D698E676A}.Release|Any CPU.Build.0 = Release|Any CPU
		{1DFC61D8-5745-CA2A-CA45-80A200B7B68C}.Debug|Any CPU.ActiveCfg = Debug|Any CPU
		{1DFC61D8-5745-CA2A-CA45-80A200B7B68C}.Debug|Any CPU.Build.0 = Debug|Any CPU
		{1DFC61D8-5745-CA2A-CA45-80A200B7B68C}.Release|Any CPU.ActiveCfg = Release|Any CPU
		{1DFC61D8-5745-CA2A-CA45-80A200B7B68C}.Release|Any CPU.Build.0 = Release|Any CPU
		{7E6AAC80-CE8D-B5A6-D69F-15EA2F12292C}.Debug|Any CPU.ActiveCfg = Debug|Any CPU
		{7E6AAC80-CE8D-B5A6-D69F-15EA2F12292C}.Debug|Any CPU.Build.0 = Debug|Any CPU
		{7E6AAC80-CE8D-B5A6-D69F-15EA2F12292C}.Release|Any CPU.ActiveCfg = Release|Any CPU
		{7E6AAC80-CE8D-B5A6-D69F-15EA2F12292C}.Release|Any CPU.Build.0 = Release|Any CPU
		{E1085A3B-653C-1BCC-C666-DEA4FDA7C3B7}.Debug|Any CPU.ActiveCfg = Debug|Any CPU
		{E1085A3B-653C-1BCC-C666-DEA4FDA7C3B7}.Debug|Any CPU.Build.0 = Debug|Any CPU
		{E1085A3B-653C-1BCC-C666-DEA4FDA7C3B7}.Release|Any CPU.ActiveCfg = Release|Any CPU
		{E1085A3B-653C-1BCC-C666-DEA4FDA7C3B7}.Release|Any CPU.Build.0 = Release|Any CPU
		{34960250-BD91-FB06-6680-3DF38BBA1B65}.Debug|Any CPU.ActiveCfg = Debug|Any CPU
		{34960250-BD91-FB06-6680-3DF38BBA1B65}.Debug|Any CPU.Build.0 = Debug|Any CPU
		{34960250-BD91-FB06-6680-3DF38BBA1B65}.Release|Any CPU.ActiveCfg = Release|Any CPU
		{34960250-BD91-FB06-6680-3DF38BBA1B65}.Release|Any CPU.Build.0 = Release|Any CPU
		{E2601695-1C67-0317-7BA0-B15CE61549E0}.Debug|Any CPU.ActiveCfg = Debug|Any CPU
		{E2601695-1C67-0317-7BA0-B15CE61549E0}.Debug|Any CPU.Build.0 = Debug|Any CPU
		{E2601695-1C67-0317-7BA0-B15CE61549E0}.Release|Any CPU.ActiveCfg = Release|Any CPU
		{E2601695-1C67-0317-7BA0-B15CE61549E0}.Release|Any CPU.Build.0 = Release|Any CPU
		{902A420D-D7F0-9254-B282-68787D507B96}.Debug|Any CPU.ActiveCfg = Debug|Any CPU
		{902A420D-D7F0-9254-B282-68787D507B96}.Debug|Any CPU.Build.0 = Debug|Any CPU
		{902A420D-D7F0-9254-B282-68787D507B96}.Release|Any CPU.ActiveCfg = Release|Any CPU
		{902A420D-D7F0-9254-B282-68787D507B96}.Release|Any CPU.Build.0 = Release|Any CPU
		{981CBD8E-76D0-3A6C-B3E3-2AFE99E7F2B3}.Debug|Any CPU.ActiveCfg = Debug|Any CPU
		{981CBD8E-76D0-3A6C-B3E3-2AFE99E7F2B3}.Debug|Any CPU.Build.0 = Debug|Any CPU
		{981CBD8E-76D0-3A6C-B3E3-2AFE99E7F2B3}.Release|Any CPU.ActiveCfg = Release|Any CPU
		{981CBD8E-76D0-3A6C-B3E3-2AFE99E7F2B3}.Release|Any CPU.Build.0 = Release|Any CPU
		{8D6810D3-AD07-D470-BB68-DB6EAD04525D}.Debug|Any CPU.ActiveCfg = Debug|Any CPU
		{8D6810D3-AD07-D470-BB68-DB6EAD04525D}.Debug|Any CPU.Build.0 = Debug|Any CPU
		{8D6810D3-AD07-D470-BB68-DB6EAD04525D}.Release|Any CPU.ActiveCfg = Release|Any CPU
		{8D6810D3-AD07-D470-BB68-DB6EAD04525D}.Release|Any CPU.Build.0 = Release|Any CPU
		{C1C3E5F0-CE9A-470B-4831-CFA6EEB6C762}.Debug|Any CPU.ActiveCfg = Debug|Any CPU
		{C1C3E5F0-CE9A-470B-4831-CFA6EEB6C762}.Debug|Any CPU.Build.0 = Debug|Any CPU
		{C1C3E5F0-CE9A-470B-4831-CFA6EEB6C762}.Release|Any CPU.ActiveCfg = Release|Any CPU
		{C1C3E5F0-CE9A-470B-4831-CFA6EEB6C762}.Release|Any CPU.Build.0 = Release|Any CPU
		{474827C9-0219-D261-AEE4-0860E3814D71}.Debug|Any CPU.ActiveCfg = Debug|Any CPU
		{474827C9-0219-D261-AEE4-0860E3814D71}.Debug|Any CPU.Build.0 = Debug|Any CPU
		{474827C9-0219-D261-AEE4-0860E3814D71}.Release|Any CPU.ActiveCfg = Release|Any CPU
		{474827C9-0219-D261-AEE4-0860E3814D71}.Release|Any CPU.Build.0 = Release|Any CPU
		{7A1128F1-1CFA-A23B-AFCC-5945BDD6771B}.Debug|Any CPU.ActiveCfg = Debug|Any CPU
		{7A1128F1-1CFA-A23B-AFCC-5945BDD6771B}.Debug|Any CPU.Build.0 = Debug|Any CPU
		{7A1128F1-1CFA-A23B-AFCC-5945BDD6771B}.Release|Any CPU.ActiveCfg = Release|Any CPU
		{7A1128F1-1CFA-A23B-AFCC-5945BDD6771B}.Release|Any CPU.Build.0 = Release|Any CPU
		{83037057-F63B-A872-C0E0-654ED5B838F6}.Debug|Any CPU.ActiveCfg = Debug|Any CPU
		{83037057-F63B-A872-C0E0-654ED5B838F6}.Debug|Any CPU.Build.0 = Debug|Any CPU
		{83037057-F63B-A872-C0E0-654ED5B838F6}.Release|Any CPU.ActiveCfg = Release|Any CPU
		{83037057-F63B-A872-C0E0-654ED5B838F6}.Release|Any CPU.Build.0 = Release|Any CPU
		{719A95A4-FA62-101A-06C3-DE20E78C49EE}.Debug|Any CPU.ActiveCfg = Debug|Any CPU
		{719A95A4-FA62-101A-06C3-DE20E78C49EE}.Debug|Any CPU.Build.0 = Debug|Any CPU
		{719A95A4-FA62-101A-06C3-DE20E78C49EE}.Release|Any CPU.ActiveCfg = Release|Any CPU
		{719A95A4-FA62-101A-06C3-DE20E78C49EE}.Release|Any CPU.Build.0 = Release|Any CPU
		{96ACD80A-409E-22F8-DECA-A33553A1DD34}.Debug|Any CPU.ActiveCfg = Debug|Any CPU
		{96ACD80A-409E-22F8-DECA-A33553A1DD34}.Debug|Any CPU.Build.0 = Debug|Any CPU
		{96ACD80A-409E-22F8-DECA-A33553A1DD34}.Release|Any CPU.ActiveCfg = Release|Any CPU
		{96ACD80A-409E-22F8-DECA-A33553A1DD34}.Release|Any CPU.Build.0 = Release|Any CPU
		{4FB91BA8-75BA-F73C-6B41-D0BCED3B6C0E}.Debug|Any CPU.ActiveCfg = Debug|Any CPU
		{4FB91BA8-75BA-F73C-6B41-D0BCED3B6C0E}.Debug|Any CPU.Build.0 = Debug|Any CPU
		{4FB91BA8-75BA-F73C-6B41-D0BCED3B6C0E}.Release|Any CPU.ActiveCfg = Release|Any CPU
		{4FB91BA8-75BA-F73C-6B41-D0BCED3B6C0E}.Release|Any CPU.Build.0 = Release|Any CPU
		{6691E9FD-1BD3-1B2D-AAA3-B0C1814754B1}.Debug|Any CPU.ActiveCfg = Debug|Any CPU
		{6691E9FD-1BD3-1B2D-AAA3-B0C1814754B1}.Debug|Any CPU.Build.0 = Debug|Any CPU
		{6691E9FD-1BD3-1B2D-AAA3-B0C1814754B1}.Release|Any CPU.ActiveCfg = Release|Any CPU
		{6691E9FD-1BD3-1B2D-AAA3-B0C1814754B1}.Release|Any CPU.Build.0 = Release|Any CPU
		{9EFA0844-21BF-F667-5EC0-04C45CCBC0AB}.Debug|Any CPU.ActiveCfg = Debug|Any CPU
		{9EFA0844-21BF-F667-5EC0-04C45CCBC0AB}.Debug|Any CPU.Build.0 = Debug|Any CPU
		{9EFA0844-21BF-F667-5EC0-04C45CCBC0AB}.Release|Any CPU.ActiveCfg = Release|Any CPU
		{9EFA0844-21BF-F667-5EC0-04C45CCBC0AB}.Release|Any CPU.Build.0 = Release|Any CPU
		{9B4815EC-3F94-31FE-478E-6D05B5FC3AC3}.Debug|Any CPU.ActiveCfg = Debug|Any CPU
		{9B4815EC-3F94-31FE-478E-6D05B5FC3AC3}.Debug|Any CPU.Build.0 = Debug|Any CPU
		{9B4815EC-3F94-31FE-478E-6D05B5FC3AC3}.Release|Any CPU.ActiveCfg = Release|Any CPU
		{9B4815EC-3F94-31FE-478E-6D05B5FC3AC3}.Release|Any CPU.Build.0 = Release|Any CPU
		{E00D2023-74E1-3635-CBEB-4519209BA31E}.Debug|Any CPU.ActiveCfg = Debug|Any CPU
		{E00D2023-74E1-3635-CBEB-4519209BA31E}.Debug|Any CPU.Build.0 = Debug|Any CPU
		{E00D2023-74E1-3635-CBEB-4519209BA31E}.Release|Any CPU.ActiveCfg = Release|Any CPU
		{E00D2023-74E1-3635-CBEB-4519209BA31E}.Release|Any CPU.Build.0 = Release|Any CPU
		{618E6363-F619-BC5D-5D68-457A44148F9F}.Debug|Any CPU.ActiveCfg = Debug|Any CPU
		{618E6363-F619-BC5D-5D68-457A44148F9F}.Debug|Any CPU.Build.0 = Debug|Any CPU
		{618E6363-F619-BC5D-5D68-457A44148F9F}.Release|Any CPU.ActiveCfg = Release|Any CPU
		{618E6363-F619-BC5D-5D68-457A44148F9F}.Release|Any CPU.Build.0 = Release|Any CPU
		{E5A3936B-E516-0D24-8856-F358B90962BF}.Debug|Any CPU.ActiveCfg = Debug|Any CPU
		{E5A3936B-E516-0D24-8856-F358B90962BF}.Debug|Any CPU.Build.0 = Debug|Any CPU
		{E5A3936B-E516-0D24-8856-F358B90962BF}.Release|Any CPU.ActiveCfg = Release|Any CPU
		{E5A3936B-E516-0D24-8856-F358B90962BF}.Release|Any CPU.Build.0 = Release|Any CPU
		{C6BA08D3-44ED-D196-B266-CD4C3B652862}.Debug|Any CPU.ActiveCfg = Debug|Any CPU
		{C6BA08D3-44ED-D196-B266-CD4C3B652862}.Debug|Any CPU.Build.0 = Debug|Any CPU
		{C6BA08D3-44ED-D196-B266-CD4C3B652862}.Release|Any CPU.ActiveCfg = Release|Any CPU
		{C6BA08D3-44ED-D196-B266-CD4C3B652862}.Release|Any CPU.Build.0 = Release|Any CPU
		{CE3DF682-D807-D656-B08E-988474C4BA55}.Debug|Any CPU.ActiveCfg = Debug|Any CPU
		{CE3DF682-D807-D656-B08E-988474C4BA55}.Debug|Any CPU.Build.0 = Debug|Any CPU
		{CE3DF682-D807-D656-B08E-988474C4BA55}.Release|Any CPU.ActiveCfg = Release|Any CPU
		{CE3DF682-D807-D656-B08E-988474C4BA55}.Release|Any CPU.Build.0 = Release|Any CPU
		{1E8D13C4-274A-4B7B-881C-54B05FCF9E3A}.Debug|Any CPU.ActiveCfg = Debug|Any CPU
		{1E8D13C4-274A-4B7B-881C-54B05FCF9E3A}.Debug|Any CPU.Build.0 = Debug|Any CPU
		{1E8D13C4-274A-4B7B-881C-54B05FCF9E3A}.Release|Any CPU.ActiveCfg = Release|Any CPU
		{1E8D13C4-274A-4B7B-881C-54B05FCF9E3A}.Release|Any CPU.Build.0 = Release|Any CPU
		{0044612B-E891-33F3-0EA1-B6D4E851358C}.Debug|Any CPU.ActiveCfg = Debug|Any CPU
		{0044612B-E891-33F3-0EA1-B6D4E851358C}.Debug|Any CPU.Build.0 = Debug|Any CPU
		{0044612B-E891-33F3-0EA1-B6D4E851358C}.Release|Any CPU.ActiveCfg = Release|Any CPU
		{0044612B-E891-33F3-0EA1-B6D4E851358C}.Release|Any CPU.Build.0 = Release|Any CPU
		{B9DB1212-A21F-DBD9-D2B5-C0E83D56C446}.Debug|Any CPU.ActiveCfg = Debug|Any CPU
		{B9DB1212-A21F-DBD9-D2B5-C0E83D56C446}.Debug|Any CPU.Build.0 = Debug|Any CPU
		{B9DB1212-A21F-DBD9-D2B5-C0E83D56C446}.Release|Any CPU.ActiveCfg = Release|Any CPU
		{B9DB1212-A21F-DBD9-D2B5-C0E83D56C446}.Release|Any CPU.Build.0 = Release|Any CPU
		{D368351D-99E2-224B-5ABA-5D644CAC8F32}.Debug|Any CPU.ActiveCfg = Debug|Any CPU
		{D368351D-99E2-224B-5ABA-5D644CAC8F32}.Debug|Any CPU.Build.0 = Debug|Any CPU
		{D368351D-99E2-224B-5ABA-5D644CAC8F32}.Release|Any CPU.ActiveCfg = Release|Any CPU
		{D368351D-99E2-224B-5ABA-5D644CAC8F32}.Release|Any CPU.Build.0 = Release|Any CPU
		{47882898-321A-814B-BE48-962CFB1FE0B6}.Debug|Any CPU.ActiveCfg = Debug|Any CPU
		{47882898-321A-814B-BE48-962CFB1FE0B6}.Debug|Any CPU.Build.0 = Debug|Any CPU
		{47882898-321A-814B-BE48-962CFB1FE0B6}.Release|Any CPU.ActiveCfg = Release|Any CPU
		{47882898-321A-814B-BE48-962CFB1FE0B6}.Release|Any CPU.Build.0 = Release|Any CPU
		{1C8013AA-4329-DDE4-EF58-AB425F3FB041}.Debug|Any CPU.ActiveCfg = Debug|Any CPU
		{1C8013AA-4329-DDE4-EF58-AB425F3FB041}.Debug|Any CPU.Build.0 = Debug|Any CPU
		{1C8013AA-4329-DDE4-EF58-AB425F3FB041}.Release|Any CPU.ActiveCfg = Release|Any CPU
		{1C8013AA-4329-DDE4-EF58-AB425F3FB041}.Release|Any CPU.Build.0 = Release|Any CPU
		{6834D5B9-D0FA-E4E7-E20D-FCA662CB1B58}.Debug|Any CPU.ActiveCfg = Debug|Any CPU
		{6834D5B9-D0FA-E4E7-E20D-FCA662CB1B58}.Debug|Any CPU.Build.0 = Debug|Any CPU
		{6834D5B9-D0FA-E4E7-E20D-FCA662CB1B58}.Release|Any CPU.ActiveCfg = Release|Any CPU
		{6834D5B9-D0FA-E4E7-E20D-FCA662CB1B58}.Release|Any CPU.Build.0 = Release|Any CPU
		{06A32E38-5A90-6CFD-6BC0-8D0EF1B2F1C1}.Debug|Any CPU.ActiveCfg = Debug|Any CPU
		{06A32E38-5A90-6CFD-6BC0-8D0EF1B2F1C1}.Debug|Any CPU.Build.0 = Debug|Any CPU
		{06A32E38-5A90-6CFD-6BC0-8D0EF1B2F1C1}.Release|Any CPU.ActiveCfg = Release|Any CPU
		{06A32E38-5A90-6CFD-6BC0-8D0EF1B2F1C1}.Release|Any CPU.Build.0 = Release|Any CPU
		{D28B1453-7DEE-B03F-9B2F-7EAD5656A349}.Debug|Any CPU.ActiveCfg = Debug|Any CPU
		{D28B1453-7DEE-B03F-9B2F-7EAD5656A349}.Debug|Any CPU.Build.0 = Debug|Any CPU
		{D28B1453-7DEE-B03F-9B2F-7EAD5656A349}.Release|Any CPU.ActiveCfg = Release|Any CPU
		{D28B1453-7DEE-B03F-9B2F-7EAD5656A349}.Release|Any CPU.Build.0 = Release|Any CPU
		{F985C808-EDC0-FEE8-BB53-ADC556F281D3}.Debug|Any CPU.ActiveCfg = Debug|Any CPU
		{F985C808-EDC0-FEE8-BB53-ADC556F281D3}.Debug|Any CPU.Build.0 = Debug|Any CPU
		{F985C808-EDC0-FEE8-BB53-ADC556F281D3}.Release|Any CPU.ActiveCfg = Release|Any CPU
		{F985C808-EDC0-FEE8-BB53-ADC556F281D3}.Release|Any CPU.Build.0 = Release|Any CPU
		{0478AA62-85C7-AFAD-892E-4F6F7B235AA9}.Debug|Any CPU.ActiveCfg = Debug|Any CPU
		{0478AA62-85C7-AFAD-892E-4F6F7B235AA9}.Debug|Any CPU.Build.0 = Debug|Any CPU
		{0478AA62-85C7-AFAD-892E-4F6F7B235AA9}.Release|Any CPU.ActiveCfg = Release|Any CPU
		{0478AA62-85C7-AFAD-892E-4F6F7B235AA9}.Release|Any CPU.Build.0 = Release|Any CPU
		{55985199-C441-C656-50C4-0E05255FA9E9}.Debug|Any CPU.ActiveCfg = Debug|Any CPU
		{55985199-C441-C656-50C4-0E05255FA9E9}.Debug|Any CPU.Build.0 = Debug|Any CPU
		{55985199-C441-C656-50C4-0E05255FA9E9}.Release|Any CPU.ActiveCfg = Release|Any CPU
		{55985199-C441-C656-50C4-0E05255FA9E9}.Release|Any CPU.Build.0 = Release|Any CPU
	EndGlobalSection
	GlobalSection(SolutionProperties) = preSolution
		HideSolutionNode = FALSE
	EndGlobalSection
EndGlobal
